
Microsoft Visual Studio Solution File, Format Version 12.00
# Visual Studio Version 17
VisualStudioVersion = 17.1.32421.90
MinimumVisualStudioVersion = 10.0.40219.1
Project("{FAE04EC0-301F-11D3-BF4B-00C04F79EFBC}") = "CMIS", "CMIS.csproj", "{DA42166D-9887-4569-B5F2-9FEAD48E73D6}"
EndProject
Global
	GlobalSection(SolutionConfigurationPlatforms) = preSolution
		Debug|Any CPU = Debug|Any CPU
		Release|Any CPU = Release|Any CPU
	EndGlobalSection
	GlobalSection(ProjectConfigurationPlatforms) = postSolution
		{DA42166D-9887-4569-B5F2-9FEAD48E73D6}.Debug|Any CPU.ActiveCfg = Debug|Any CPU
		{DA42166D-9887-4569-B5F2-9FEAD48E73D6}.Debug|Any CPU.Build.0 = Debug|Any CPU
		{DA42166D-9887-4569-B5F2-9FEAD48E73D6}.Release|Any CPU.ActiveCfg = Release|Any CPU
		{DA42166D-9887-4569-B5F2-9FEAD48E73D6}.Release|Any CPU.Build.0 = Release|Any CPU
	EndGlobalSection
	GlobalSection(SolutionProperties) = preSolution
		HideSolutionNode = FALSE
	EndGlobalSection
	GlobalSection(ExtensibilityGlobals) = postSolution
		SolutionGuid = {790505E7-CF22-45CF-BA11-B87E70D44B0C}
	EndGlobalSection
EndGlobal
